
Microsoft Visual Studio Solution File, Format Version 12.00
# Visual Studio Version 17
VisualStudioVersion = 17.4.33205.214
MinimumVisualStudioVersion = 10.0.40219.1
Project("{2150E333-8FDC-42A3-9474-1A3956D46DE8}") = "Docs", "Docs", "{BD180D6C-9387-4238-A6CE-A683C336BCD5}"
	ProjectSection(SolutionItems) = preProject
		LICENSE.md = LICENSE.md
		RapiBarFetch.sln.headertext = RapiBarFetch.sln.headertext
		README.md = README.md
	EndProjectSection
EndProject
Project("{9A19103F-16F7-4668-BE54-9A1E7A4F7556}") = "RapiBarFetch", "RapiBarFetch\RapiBarFetch.csproj", "{EC48B197-EA16-43B7-B25C-A2603D764EDA}"
EndProject
Global
	GlobalSection(SolutionConfigurationPlatforms) = preSolution
		Debug|Any CPU = Debug|Any CPU
		Release|Any CPU = Release|Any CPU
	EndGlobalSection
	GlobalSection(ProjectConfigurationPlatforms) = postSolution
		{EC48B197-EA16-43B7-B25C-A2603D764EDA}.Debug|Any CPU.ActiveCfg = Debug|Any CPU
		{EC48B197-EA16-43B7-B25C-A2603D764EDA}.Debug|Any CPU.Build.0 = Debug|Any CPU
		{EC48B197-EA16-43B7-B25C-A2603D764EDA}.Release|Any CPU.ActiveCfg = Release|Any CPU
		{EC48B197-EA16-43B7-B25C-A2603D764EDA}.Release|Any CPU.Build.0 = Release|Any CPU
	EndGlobalSection
	GlobalSection(SolutionProperties) = preSolution
		HideSolutionNode = FALSE
	EndGlobalSection
	GlobalSection(ExtensibilityGlobals) = postSolution
		SolutionGuid = {14D395E8-074D-4900-A2E8-382D6F4EE5EB}
	EndGlobalSection
EndGlobal
